
Microsoft Visual Studio Solution File, Format Version 12.00
# Visual Studio Version 17
VisualStudioVersion = 17.13.35931.197 d17.13
MinimumVisualStudioVersion = 10.0.40219.1
Project("{FAE04EC0-301F-11D3-BF4B-00C04F79EFBC}") = "PropertyExtractor.Domain", "ClassLibrary\PropertyExtractor.Domain.csproj", "{F2CCDF8F-5785-4E75-99C1-4B1245B9AA73}"
EndProject
Project("{FAE04EC0-301F-11D3-BF4B-00C04F79EFBC}") = "PropertyExtractor.Application", "PropertyExtractor.Application\PropertyExtractor.Application.csproj", "{383CCD07-6737-4125-AAFA-C9DCA668D50F}"
EndProject
Project("{FAE04EC0-301F-11D3-BF4B-00C04F79EFBC}") = "PropertyExtractor.Infrastructure", "PropertyExtractor.Infrastructure\PropertyExtractor.Infrastructure.csproj", "{33DDD06A-187C-4F9B-A0CD-E915EF0D162C}"
EndProject
Project("{FAE04EC0-301F-11D3-BF4B-00C04F79EFBC}") = "PropertyExtractor.ConsoleApp", "PropertyExtractor.ConsoleApp\PropertyExtractor.ConsoleApp.csproj", "{C246C126-0E19-4586-B443-B440999CA473}"
EndProject
Project("{2150E333-8FDC-42A3-9474-1A3956D46DE8}") = "Solution Items", "Solution Items", "{8EC462FD-D22E-90A8-E5CE-7E832BA40C5D}"
	ProjectSection(SolutionItems) = preProject
		.gitignore = .gitignore
	EndProjectSection
EndProject
Global
	GlobalSection(SolutionConfigurationPlatforms) = preSolution
		Debug|Any CPU = Debug|Any CPU
		Release|Any CPU = Release|Any CPU
	EndGlobalSection
	GlobalSection(ProjectConfigurationPlatforms) = postSolution
		{F2CCDF8F-5785-4E75-99C1-4B1245B9AA73}.Debug|Any CPU.ActiveCfg = Debug|Any CPU
		{F2CCDF8F-5785-4E75-99C1-4B1245B9AA73}.Debug|Any CPU.Build.0 = Debug|Any CPU
		{F2CCDF8F-5785-4E75-99C1-4B1245B9AA73}.Release|Any CPU.ActiveCfg = Release|Any CPU
		{F2CCDF8F-5785-4E75-99C1-4B1245B9AA73}.Release|Any CPU.Build.0 = Release|Any CPU
		{383CCD07-6737-4125-AAFA-C9DCA668D50F}.Debug|Any CPU.ActiveCfg = Debug|Any CPU
		{383CCD07-6737-4125-AAFA-C9DCA668D50F}.Debug|Any CPU.Build.0 = Debug|Any CPU
		{383CCD07-6737-4125-AAFA-C9DCA668D50F}.Release|Any CPU.ActiveCfg = Release|Any CPU
		{383CCD07-6737-4125-AAFA-C9DCA668D50F}.Release|Any CPU.Build.0 = Release|Any CPU
		{33DDD06A-187C-4F9B-A0CD-E915EF0D162C}.Debug|Any CPU.ActiveCfg = Debug|Any CPU
		{33DDD06A-187C-4F9B-A0CD-E915EF0D162C}.Debug|Any CPU.Build.0 = Debug|Any CPU
		{33DDD06A-187C-4F9B-A0CD-E915EF0D162C}.Release|Any CPU.ActiveCfg = Release|Any CPU
		{33DDD06A-187C-4F9B-A0CD-E915EF0D162C}.Release|Any CPU.Build.0 = Release|Any CPU
		{C246C126-0E19-4586-B443-B440999CA473}.Debug|Any CPU.ActiveCfg = Debug|Any CPU
		{C246C126-0E19-4586-B443-B440999CA473}.Debug|Any CPU.Build.0 = Debug|Any CPU
		{C246C126-0E19-4586-B443-B440999CA473}.Release|Any CPU.ActiveCfg = Release|Any CPU
		{C246C126-0E19-4586-B443-B440999CA473}.Release|Any CPU.Build.0 = Release|Any CPU
	EndGlobalSection
	GlobalSection(SolutionProperties) = preSolution
		HideSolutionNode = FALSE
	EndGlobalSection
	GlobalSection(ExtensibilityGlobals) = postSolution
		SolutionGuid = {A4C2DDF7-100F-4E07-A35F-8DD1003748EC}
	EndGlobalSection
EndGlobal
